
Microsoft Visual Studio Solution File, Format Version 12.00
# Visual Studio Version 16
VisualStudioVersion = 16.0.29424.173
MinimumVisualStudioVersion = 10.0.40219.1
Project("{FAE04EC0-301F-11D3-BF4B-00C04F79EFBC}") = "DemoScreenRefreshNeed", "DemoScreenRefreshNeed.csproj", "{7F17B3C6-8D61-4D07-8186-6AA81DA10906}"
EndProject
Global
	GlobalSection(SolutionConfigurationPlatforms) = preSolution
		Debug|ARM = Debug|ARM
		Debug|ARM64 = Debug|ARM64
		Debug|x64 = Debug|x64
		Debug|x86 = Debug|x86
		Release|ARM = Release|ARM
		Release|ARM64 = Release|ARM64
		Release|x64 = Release|x64
		Release|x86 = Release|x86
	EndGlobalSection
	GlobalSection(ProjectConfigurationPlatforms) = postSolution
		{7F17B3C6-8D61-4D07-8186-6AA81DA10906}.Debug|ARM.ActiveCfg = Debug|ARM
		{7F17B3C6-8D61-4D07-8186-6AA81DA10906}.Debug|ARM.Build.0 = Debug|ARM
		{7F17B3C6-8D61-4D07-8186-6AA81DA10906}.Debug|ARM.Deploy.0 = Debug|ARM
		{7F17B3C6-8D61-4D07-8186-6AA81DA10906}.Debug|ARM64.ActiveCfg = Debug|ARM64
		{7F17B3C6-8D61-4D07-8186-6AA81DA10906}.Debug|ARM64.Build.0 = Debug|ARM64
		{7F17B3C6-8D61-4D07-8186-6AA81DA10906}.Debug|ARM64.Deploy.0 = Debug|ARM64
		{7F17B3C6-8D61-4D07-8186-6AA81DA10906}.Debug|x64.ActiveCfg = Debug|x64
		{7F17B3C6-8D61-4D07-8186-6AA81DA10906}.Debug|x64.Build.0 = Debug|x64
		{7F17B3C6-8D61-4D07-8186-6AA81DA10906}.Debug|x64.Deploy.0 = Debug|x64
		{7F17B3C6-8D61-4D07-8186-6AA81DA10906}.Debug|x86.ActiveCfg = Debug|x86
		{7F17B3C6-8D61-4D07-8186-6AA81DA10906}.Debug|x86.Build.0 = Debug|x86
		{7F17B3C6-8D61-4D07-8186-6AA81DA10906}.Debug|x86.Deploy.0 = Debug|x86
		{7F17B3C6-8D61-4D07-8186-6AA81DA10906}.Release|ARM.ActiveCfg = Release|ARM
		{7F17B3C6-8D61-4D07-8186-6AA81DA10906}.Release|ARM.Build.0 = Release|ARM
		{7F17B3C6-8D61-4D07-8186-6AA81DA10906}.Release|ARM.Deploy.0 = Release|ARM
		{7F17B3C6-8D61-4D07-8186-6AA81DA10906}.Release|ARM64.ActiveCfg = Release|ARM64
		{7F17B3C6-8D61-4D07-8186-6AA81DA10906}.Release|ARM64.Build.0 = Release|ARM64
		{7F17B3C6-8D61-4D07-8186-6AA81DA10906}.Release|ARM64.Deploy.0 = Release|ARM64
		{7F17B3C6-8D61-4D07-8186-6AA81DA10906}.Release|x64.ActiveCfg = Release|x64
		{7F17B3C6-8D61-4D07-8186-6AA81DA10906}.Release|x64.Build.0 = Release|x64
		{7F17B3C6-8D61-4D07-8186-6AA81DA10906}.Release|x64.Deploy.0 = Release|x64
		{7F17B3C6-8D61-4D07-8186-6AA81DA10906}.Release|x86.ActiveCfg = Release|x86
		{7F17B3C6-8D61-4D07-8186-6AA81DA10906}.Release|x86.Build.0 = Release|x86
		{7F17B3C6-8D61-4D07-8186-6AA81DA10906}.Release|x86.Deploy.0 = Release|x86
	EndGlobalSection
	GlobalSection(SolutionProperties) = preSolution
		HideSolutionNode = FALSE
	EndGlobalSection
	GlobalSection(ExtensibilityGlobals) = postSolution
		SolutionGuid = {3D26B33F-5237-46B5-B2C7-18949D7EC9F7}
	EndGlobalSection
EndGlobal
